
Microsoft Visual Studio Solution File, Format Version 12.00
# Visual Studio Version 17
VisualStudioVersion = 17.3.32825.248
MinimumVisualStudioVersion = 10.0.40219.1
Project("{FAE04EC0-301F-11D3-BF4B-00C04F79EFBC}") = "NonogramAvalonia", "NonogramAvalonia\NonogramAvalonia.csproj", "{CA76CECF-E69F-4AAF-89DB-BF73BA22B248}"
EndProject
Project("{FAE04EC0-301F-11D3-BF4B-00C04F79EFBC}") = "Nonogram.Domain", "Nonogram.Domain\Nonogram.Domain.csproj", "{22485C23-5C2F-4F90-B6AE-91B113986648}"
EndProject
Global
	GlobalSection(SolutionConfigurationPlatforms) = preSolution
		Debug|Any CPU = Debug|Any CPU
		Release|Any CPU = Release|Any CPU
	EndGlobalSection
	GlobalSection(ProjectConfigurationPlatforms) = postSolution
		{CA76CECF-E69F-4AAF-89DB-BF73BA22B248}.Debug|Any CPU.ActiveCfg = Debug|Any CPU
		{CA76CECF-E69F-4AAF-89DB-BF73BA22B248}.Debug|Any CPU.Build.0 = Debug|Any CPU
		{CA76CECF-E69F-4AAF-89DB-BF73BA22B248}.Release|Any CPU.ActiveCfg = Release|Any CPU
		{CA76CECF-E69F-4AAF-89DB-BF73BA22B248}.Release|Any CPU.Build.0 = Release|Any CPU
		{22485C23-5C2F-4F90-B6AE-91B113986648}.Debug|Any CPU.ActiveCfg = Debug|Any CPU
		{22485C23-5C2F-4F90-B6AE-91B113986648}.Debug|Any CPU.Build.0 = Debug|Any CPU
		{22485C23-5C2F-4F90-B6AE-91B113986648}.Release|Any CPU.ActiveCfg = Release|Any CPU
		{22485C23-5C2F-4F90-B6AE-91B113986648}.Release|Any CPU.Build.0 = Release|Any CPU
	EndGlobalSection
	GlobalSection(SolutionProperties) = preSolution
		HideSolutionNode = FALSE
	EndGlobalSection
	GlobalSection(ExtensibilityGlobals) = postSolution
		SolutionGuid = {9722B3B7-5106-49EA-891A-5C7E393DAAEE}
	EndGlobalSection
EndGlobal
